
Microsoft Visual Studio Solution File, Format Version 12.00
# Visual Studio Version 17
VisualStudioVersion = 17.5.33424.131
MinimumVisualStudioVersion = 10.0.40219.1
Project("{2150E333-8FDC-42A3-9474-1A3956D46DE8}") = "Services", "Services", "{7D822BB7-B651-43B8-8814-CCB2C47DB73C}"
EndProject
Project("{2150E333-8FDC-42A3-9474-1A3956D46DE8}") = "FrontEnd", "FrontEnd", "{4EFB3A00-A9DF-4430-B2B8-E826FB587904}"
EndProject
Project("{FAE04EC0-301F-11D3-BF4B-00C04F79EFBC}") = "GeekShopping.Web", "GeekShopping.Web\GeekShopping.Web.csproj", "{6F1093F1-E46A-4125-94FF-DAAFA7040E98}"
EndProject
Project("{FAE04EC0-301F-11D3-BF4B-00C04F79EFBC}") = "GeekShopping.ProductAPI", "GeekShopping.ProductAPI\GeekShopping.ProductAPI.csproj", "{5AEF5D71-359E-490C-BF92-D4F0CDEC3A2A}"
EndProject
Global
	GlobalSection(SolutionConfigurationPlatforms) = preSolution
		Debug|Any CPU = Debug|Any CPU
		Release|Any CPU = Release|Any CPU
	EndGlobalSection
	GlobalSection(ProjectConfigurationPlatforms) = postSolution
		{6F1093F1-E46A-4125-94FF-DAAFA7040E98}.Debug|Any CPU.ActiveCfg = Debug|Any CPU
		{6F1093F1-E46A-4125-94FF-DAAFA7040E98}.Debug|Any CPU.Build.0 = Debug|Any CPU
		{6F1093F1-E46A-4125-94FF-DAAFA7040E98}.Release|Any CPU.ActiveCfg = Release|Any CPU
		{6F1093F1-E46A-4125-94FF-DAAFA7040E98}.Release|Any CPU.Build.0 = Release|Any CPU
		{5AEF5D71-359E-490C-BF92-D4F0CDEC3A2A}.Debug|Any CPU.ActiveCfg = Debug|Any CPU
		{5AEF5D71-359E-490C-BF92-D4F0CDEC3A2A}.Debug|Any CPU.Build.0 = Debug|Any CPU
		{5AEF5D71-359E-490C-BF92-D4F0CDEC3A2A}.Release|Any CPU.ActiveCfg = Release|Any CPU
		{5AEF5D71-359E-490C-BF92-D4F0CDEC3A2A}.Release|Any CPU.Build.0 = Release|Any CPU
	EndGlobalSection
	GlobalSection(SolutionProperties) = preSolution
		HideSolutionNode = FALSE
	EndGlobalSection
	GlobalSection(NestedProjects) = preSolution
		{6F1093F1-E46A-4125-94FF-DAAFA7040E98} = {4EFB3A00-A9DF-4430-B2B8-E826FB587904}
		{5AEF5D71-359E-490C-BF92-D4F0CDEC3A2A} = {7D822BB7-B651-43B8-8814-CCB2C47DB73C}
	EndGlobalSection
	GlobalSection(ExtensibilityGlobals) = postSolution
		SolutionGuid = {B5DB6A97-3C95-4F62-9F79-984FE8FD52F6}
	EndGlobalSection
EndGlobal
